// !$*UTF8*$!
{
	archiveVersion = 1;
	classes = {
	};
	objectVersion = 48;
	objects = {

/* Begin PBXBuildFile section */
		2C4D6A6B1FE0DF3D00E32A81 /* AppDelegate.swift in Sources */ = {isa = PBXBuildFile; fileRef = 2C4D6A6A1FE0DF3D00E32A81 /* AppDelegate.swift */; };
		2C4D6A6D1FE0DF3D00E32A81 /* ViewController.swift in Sources */ = {isa = PBXBuildFile; fileRef = 2C4D6A6C1FE0DF3D00E32A81 /* ViewController.swift */; };
		2C4D6A701FE0DF3D00E32A81 /* Main.storyboard in Resources */ = {isa = PBXBuildFile; fileRef = 2C4D6A6E1FE0DF3D00E32A81 /* Main.storyboard */; };
		2C4D6A721FE0DF3D00E32A81 /* Assets.xcassets in Resources */ = {isa = PBXBuildFile; fileRef = 2C4D6A711FE0DF3D00E32A81 /* Assets.xcassets */; };
		2C4D6A751FE0DF3D00E32A81 /* LaunchScreen.storyboard in Resources */ = {isa = PBXBuildFile; fileRef = 2C4D6A731FE0DF3D00E32A81 /* LaunchScreen.storyboard */; };
		2C4D6A801FE0DF3D00E32A81 /* CollectionViewTutorialTests.swift in Sources */ = {isa = PBXBuildFile; fileRef = 2C4D6A7F1FE0DF3D00E32A81 /* CollectionViewTutorialTests.swift */; };
		2C4D6A8B1FE0DF3D00E32A81 /* CollectionViewTutorialUITests.swift in Sources */ = {isa = PBXBuildFile; fileRef = 2C4D6A8A1FE0DF3D00E32A81 /* CollectionViewTutorialUITests.swift */; };
/* End PBXBuildFile section */

/* Begin PBXContainerItemProxy section */
		2C4D6A7C1FE0DF3D00E32A81 /* PBXContainerItemProxy */ = {
			isa = PBXContainerItemProxy;
			containerPortal = 2C4D6A5F1FE0DF3D00E32A81 /* Project object */;
			proxyType = 1;
			remoteGlobalIDString = 2C4D6A661FE0DF3D00E32A81;
			remoteInfo = CollectionViewTutorial;
		};
		2C4D6A871FE0DF3D00E32A81 /* PBXContainerItemProxy */ = {
			isa = PBXContainerItemProxy;
			containerPortal = 2C4D6A5F1FE0DF3D00E32A81 /* Project object */;
			proxyType = 1;
			remoteGlobalIDString = 2C4D6A661FE0DF3D00E32A81;
			remoteInfo = CollectionViewTutorial;
		};
/* End PBXContainerItemProxy section */

/* Begin PBXFileReference section */
		2C4D6A671FE0DF3D00E32A81 /* CollectionViewTutorial.app */ = {isa = PBXFileReference; explicitFileType = wrapper.application; includeInIndex = 0; path = CollectionViewTutorial.app; sourceTree = BUILT_PRODUCTS_DIR; };
		2C4D6A6A1FE0DF3D00E32A81 /* AppDelegate.swift */ = {isa = PBXFileReference; lastKnownFileType = sourcecode.swift; path = AppDelegate.swift; sourceTree = "<group>"; };
		2C4D6A6C1FE0DF3D00E32A81 /* ViewController.swift */ = {isa = PBXFileReference; lastKnownFileType = sourcecode.swift; path = ViewController.swift; sourceTree = "<group>"; };
		2C4D6A6F1FE0DF3D00E32A81 /* Base */ = {isa = PBXFileReference; lastKnownFileType = file.storyboard; name = Base; path = Base.lproj/Main.storyboard; sourceTree = "<group>"; };
		2C4D6A711FE0DF3D00E32A81 /* Assets.xcassets */ = {isa = PBXFileReference; lastKnownFileType = folder.assetcatalog; path = Assets.xcassets; sourceTree = "<group>"; };
		2C4D6A741FE0DF3D00E32A81 /* Base */ = {isa = PBXFileReference; lastKnownFileType = file.storyboard; name = Base; path = Base.lproj/LaunchScreen.storyboard; sourceTree = "<group>"; };
		2C4D6A761FE0DF3D00E32A81 /* Info.plist */ = {isa = PBXFileReference; lastKnownFileType = text.plist.xml; path = Info.plist; sourceTree = "<group>"; };
		2C4D6A7B1FE0DF3D00E32A81 /* CollectionViewTutorialTests.xctest */ = {isa = PBXFileReference; explicitFileType = wrapper.cfbundle; includeInIndex = 0; path = CollectionViewTutorialTests.xctest; sourceTree = BUILT_PRODUCTS_DIR; };
		2C4D6A7F1FE0DF3D00E32A81 /* CollectionViewTutorialTests.swift */ = {isa = PBXFileReference; lastKnownFileType = sourcecode.swift; path = CollectionViewTutorialTests.swift; sourceTree = "<group>"; };
		2C4D6A811FE0DF3D00E32A81 /* Info.plist */ = {isa = PBXFileReference; lastKnownFileType = text.plist.xml; path = Info.plist; sourceTree = "<group>"; };
		2C4D6A861FE0DF3D00E32A81 /* CollectionViewTutorialUITests.xctest */ = {isa = PBXFileReference; explicitFileType = wrapper.cfbundle; includeInIndex = 0; path = CollectionViewTutorialUITests.xctest; sourceTree = BUILT_PRODUCTS_DIR; };
		2C4D6A8A1FE0DF3D00E32A81 /* CollectionViewTutorialUITests.swift */ = {isa = PBXFileReference; lastKnownFileType = sourcecode.swift; path = CollectionViewTutorialUITests.swift; sourceTree = "<group>"; };
		2C4D6A8C1FE0DF3D00E32A81 /* Info.plist */ = {isa = PBXFileReference; lastKnownFileType = text.plist.xml; path = Info.plist; sourceTree = "<group>"; };
/* End PBXFileReference section */

/* Begin PBXFrameworksBuildPhase section */
		2C4D6A641FE0DF3D00E32A81 /* Frameworks */ = {
			isa = PBXFrameworksBuildPhase;
			buildActionMask = 2147483647;
			files = (
			);
			runOnlyForDeploymentPostprocessing = 0;
		};
		2C4D6A781FE0DF3D00E32A81 /* Frameworks */ = {
			isa = PBXFrameworksBuildPhase;
			buildActionMask = 2147483647;
			files = (
			);
			runOnlyForDeploymentPostprocessing = 0;
		};
		2C4D6A831FE0DF3D00E32A81 /* Frameworks */ = {
			isa = PBXFrameworksBuildPhase;
			buildActionMask = 2147483647;
			files = (
			);
			runOnlyForDeploymentPostprocessing = 0;
		};
/* End PBXFrameworksBuildPhase section */

/* Begin PBXGroup section */
		2C4D6A5E1FE0DF3D00E32A81 = {
			isa = PBXGroup;
			children = (
				2C4D6A691FE0DF3D00E32A81 /* CollectionViewTutorial */,
				2C4D6A7E1FE0DF3D00E32A81 /* CollectionViewTutorialTests */,
				2C4D6A891FE0DF3D00E32A81 /* CollectionViewTutorialUITests */,
				2C4D6A681FE0DF3D00E32A81 /* Products */,
			);
			sourceTree = "<group>";
		};
		2C4D6A681FE0DF3D00E32A81 /* Products */ = {
			isa = PBXGroup;
			children = (
				2C4D6A671FE0DF3D00E32A81 /* CollectionViewTutorial.app */,
				2C4D6A7B1FE0DF3D00E32A81 /* CollectionViewTutorialTests.xctest */,
				2C4D6A861FE0DF3D00E32A81 /* CollectionViewTutorialUITests.xctest */,
			);
			name = Products;
			sourceTree = "<group>";
		};
		2C4D6A691FE0DF3D00E32A81 /* CollectionViewTutorial */ = {
			isa = PBXGroup;
			children = (
				2C4D6A6A1FE0DF3D00E32A81 /* AppDelegate.swift */,
				2C4D6A6C1FE0DF3D00E32A81 /* ViewController.swift */,
				2C4D6A6E1FE0DF3D00E32A81 /* Main.storyboard */,
				2C4D6A711FE0DF3D00E32A81 /* Assets.xcassets */,
				2C4D6A731FE0DF3D00E32A81 /* LaunchScreen.storyboard */,
				2C4D6A761FE0DF3D00E32A81 /* Info.plist */,
			);
			path = CollectionViewTutorial;
			sourceTree = "<group>";
		};
		2C4D6A7E1FE0DF3D00E32A81 /* CollectionViewTutorialTests */ = {
			isa = PBXGroup;
			children = (
				2C4D6A7F1FE0DF3D00E32A81 /* CollectionViewTutorialTests.swift */,
				2C4D6A811FE0DF3D00E32A81 /* Info.plist */,
			);
			path = CollectionViewTutorialTests;
			sourceTree = "<group>";
		};
		2C4D6A891FE0DF3D00E32A81 /* CollectionViewTutorialUITests */ = {
			isa = PBXGroup;
			children = (
				2C4D6A8A1FE0DF3D00E32A81 /* CollectionViewTutorialUITests.swift */,
				2C4D6A8C1FE0DF3D00E32A81 /* Info.plist */,
			);
			path = CollectionViewTutorialUITests;
			sourceTree = "<group>";
		};
/* End PBXGroup section */

/* Begin PBXNativeTarget section */
		2C4D6A661FE0DF3D00E32A81 /* CollectionViewTutorial */ = {
			isa = PBXNativeTarget;
			buildConfigurationList = 2C4D6A8F1FE0DF3D00E32A81 /* Build configuration list for PBXNativeTarget "CollectionViewTutorial" */;
			buildPhases = (
				2C4D6A631FE0DF3D00E32A81 /* Sources */,
				2C4D6A641FE0DF3D00E32A81 /* Frameworks */,
				2C4D6A651FE0DF3D00E32A81 /* Resources */,
			);
			buildRules = (
			);
			dependencies = (
			);
			name = CollectionViewTutorial;
			productName = CollectionViewTutorial;
			productReference = 2C4D6A671FE0DF3D00E32A81 /* CollectionViewTutorial.app */;
			productType = "com.apple.product-type.application";
		};
		2C4D6A7A1FE0DF3D00E32A81 /* CollectionViewTutorialTests */ = {
			isa = PBXNativeTarget;
			buildConfigurationList = 2C4D6A921FE0DF3D00E32A81 /* Build configuration list for PBXNativeTarget "CollectionViewTutorialTests" */;
			buildPhases = (
				2C4D6A771FE0DF3D00E32A81 /* Sources */,
				2C4D6A781FE0DF3D00E32A81 /* Frameworks */,
				2C4D6A791FE0DF3D00E32A81 /* Resources */,
			);
			buildRules = (
			);
			dependencies = (
				2C4D6A7D1FE0DF3D00E32A81 /* PBXTargetDependency */,
			);
			name = CollectionViewTutorialTests;
			productName = CollectionViewTutorialTests;
			productReference = 2C4D6A7B1FE0DF3D00E32A81 /* CollectionViewTutorialTests.xctest */;
			productType = "com.apple.product-type.bundle.unit-test";
		};
		2C4D6A851FE0DF3D00E32A81 /* CollectionViewTutorialUITests */ = {
			isa = PBXNativeTarget;
			buildConfigurationList = 2C4D6A951FE0DF3D00E32A81 /* Build configuration list for PBXNativeTarget "CollectionViewTutorialUITests" */;
			buildPhases = (
				2C4D6A821FE0DF3D00E32A81 /* Sources */,
				2C4D6A831FE0DF3D00E32A81 /* Frameworks */,
				2C4D6A841FE0DF3D00E32A81 /* Resources */,
			);
			buildRules = (
			);
			dependencies = (
				2C4D6A881FE0DF3D00E32A81 /* PBXTargetDependency */,
			);
			name = CollectionViewTutorialUITests;
			productName = CollectionViewTutorialUITests;
			productReference = 2C4D6A861FE0DF3D00E32A81 /* CollectionViewTutorialUITests.xctest */;
			productType = "com.apple.product-type.bundle.ui-testing";
		};
/* End PBXNativeTarget section */

/* Begin PBXProject section */
		2C4D6A5F1FE0DF3D00E32A81 /* Project object */ = {
			isa = PBXProject;
			attributes = {
				LastSwiftUpdateCheck = 0920;
				LastUpgradeCheck = 0920;
				ORGANIZATIONNAME = "Aleph-Labs";
				TargetAttributes = {
					2C4D6A661FE0DF3D00E32A81 = {
						CreatedOnToolsVersion = 9.2;
						ProvisioningStyle = Automatic;
					};
					2C4D6A7A1FE0DF3D00E32A81 = {
						CreatedOnToolsVersion = 9.2;
						ProvisioningStyle = Automatic;
						TestTargetID = 2C4D6A661FE0DF3D00E32A81;
					};
					2C4D6A851FE0DF3D00E32A81 = {
						CreatedOnToolsVersion = 9.2;
						ProvisioningStyle = Automatic;
						TestTargetID = 2C4D6A661FE0DF3D00E32A81;
					};
				};
			};
			buildConfigurationList = 2C4D6A621FE0DF3D00E32A81 /* Build configuration list for PBXProject "CollectionViewTutorial" */;
			compatibilityVersion = "Xcode 8.0";
			developmentRegion = en;
			hasScannedForEncodings = 0;
			knownRegions = (
				en,
				Base,
			);
			mainGroup = 2C4D6A5E1FE0DF3D00E32A81;
			productRefGroup = 2C4D6A681FE0DF3D00E32A81 /* Products */;
			projectDirPath = "";
			projectRoot = "";
			targets = (
				2C4D6A661FE0DF3D00E32A81 /* CollectionViewTutorial */,
				2C4D6A7A1FE0DF3D00E32A81 /* CollectionViewTutorialTests */,
				2C4D6A851FE0DF3D00E32A81 /* CollectionViewTutorialUITests */,
			);
		};
/* End PBXProject section */

/* Begin PBXResourcesBuildPhase section */
		2C4D6A651FE0DF3D00E32A81 /* Resources */ = {
			isa = PBXResourcesBuildPhase;
			buildActionMask = 2147483647;
			files = (
				2C4D6A751FE0DF3D00E32A81 /* LaunchScreen.storyboard in Resources */,
				2C4D6A721FE0DF3D00E32A81 /* Assets.xcassets in Resources */,
				2C4D6A701FE0DF3D00E32A81 /* Main.storyboard in Resources */,
			);
			runOnlyForDeploymentPostprocessing = 0;
		};
		2C4D6A791FE0DF3D00E32A81 /* Resources */ = {
			isa = PBXResourcesBuildPhase;
			buildActionMask = 2147483647;
			files = (
			);
			runOnlyForDeploymentPostprocessing = 0;
		};
		2C4D6A841FE0DF3D00E32A81 /* Resources */ = {
			isa = PBXResourcesBuildPhase;
			buildActionMask = 2147483647;
			files = (
			);
			runOnlyForDeploymentPostprocessing = 0;
		};
/* End PBXResourcesBuildPhase section */

/* Begin PBXSourcesBuildPhase section */
		2C4D6A631FE0DF3D00E32A81 /* Sources */ = {
			isa = PBXSourcesBuildPhase;
			buildActionMask = 2147483647;
			files = (
				2C4D6A6D1FE0DF3D00E32A81 /* ViewController.swift in Sources */,
				2C4D6A6B1FE0DF3D00E32A81 /* AppDelegate.swift in Sources */,
			);
			runOnlyForDeploymentPostprocessing = 0;
		};
		2C4D6A771FE0DF3D00E32A81 /* Sources */ = {
			isa = PBXSourcesBuildPhase;
			buildActionMask = 2147483647;
			files = (
				2C4D6A801FE0DF3D00E32A81 /* CollectionViewTutorialTests.swift in Sources */,
			);
			runOnlyForDeploymentPostprocessing = 0;
		};
		2C4D6A821FE0DF3D00E32A81 /* Sources */ = {
			isa = PBXSourcesBuildPhase;
			buildActionMask = 2147483647;
			files = (
				2C4D6A8B1FE0DF3D00E32A81 /* CollectionViewTutorialUITests.swift in Sources */,
			);
			runOnlyForDeploymentPostprocessing = 0;
		};
/* End PBXSourcesBuildPhase section */

/* Begin PBXTargetDependency section */
		2C4D6A7D1FE0DF3D00E32A81 /* PBXTargetDependency */ = {
			isa = PBXTargetDependency;
			target = 2C4D6A661FE0DF3D00E32A81 /* CollectionViewTutorial */;
			targetProxy = 2C4D6A7C1FE0DF3D00E32A81 /* PBXContainerItemProxy */;
		};
		2C4D6A881FE0DF3D00E32A81 /* PBXTargetDependency */ = {
			isa = PBXTargetDependency;
			target = 2C4D6A661FE0DF3D00E32A81 /* CollectionViewTutorial */;
			targetProxy = 2C4D6A871FE0DF3D00E32A81 /* PBXContainerItemProxy */;
		};
/* End PBXTargetDependency section */

/* Begin PBXVariantGroup section */
		2C4D6A6E1FE0DF3D00E32A81 /* Main.storyboard */ = {
			isa = PBXVariantGroup;
			children = (
				2C4D6A6F1FE0DF3D00E32A81 /* Base */,
			);
			name = Main.storyboard;
			sourceTree = "<group>";
		};
		2C4D6A731FE0DF3D00E32A81 /* LaunchScreen.storyboard */ = {
			isa = PBXVariantGroup;
			children = (
				2C4D6A741FE0DF3D00E32A81 /* Base */,
			);
			name = LaunchScreen.storyboard;
			sourceTree = "<group>";
		};
/* End PBXVariantGroup section */

/* Begin XCBuildConfiguration section */
		2C4D6A8D1FE0DF3D00E32A81 /* Debug */ = {
			isa = XCBuildConfiguration;
			buildSettings = {
				ALWAYS_SEARCH_USER_PATHS = NO;
				CLANG_ANALYZER_NONNULL = YES;
				CLANG_ANALYZER_NUMBER_OBJECT_CONVERSION = YES_AGGRESSIVE;
				CLANG_CXX_LANGUAGE_STANDARD = "gnu++14";
				CLANG_CXX_LIBRARY = "libc++";
				CLANG_ENABLE_MODULES = YES;
				CLANG_ENABLE_OBJC_ARC = YES;
				CLANG_WARN_BLOCK_CAPTURE_AUTORELEASING = YES;
				CLANG_WARN_BOOL_CONVERSION = YES;
				CLANG_WARN_COMMA = YES;
				CLANG_WARN_CONSTANT_CONVERSION = YES;
				CLANG_WARN_DIRECT_OBJC_ISA_USAGE = YES_ERROR;
				CLANG_WARN_DOCUMENTATION_COMMENTS = YES;
				CLANG_WARN_EMPTY_BODY = YES;
				CLANG_WARN_ENUM_CONVERSION = YES;
				CLANG_WARN_INFINITE_RECURSION = YES;
				CLANG_WARN_INT_CONVERSION = YES;
				CLANG_WARN_NON_LITERAL_NULL_CONVERSION = YES;
				CLANG_WARN_OBJC_LITERAL_CONVERSION = YES;
				CLANG_WARN_OBJC_ROOT_CLASS = YES_ERROR;
				CLANG_WARN_RANGE_LOOP_ANALYSIS = YES;
				CLANG_WARN_STRICT_PROTOTYPES = YES;
				CLANG_WARN_SUSPICIOUS_MOVE = YES;
				CLANG_WARN_UNGUARDED_AVAILABILITY = YES_AGGRESSIVE;
				CLANG_WARN_UNREACHABLE_CODE = YES;
				CLANG_WARN__DUPLICATE_METHOD_MATCH = YES;
				CODE_SIGN_IDENTITY = "iPhone Developer";
				COPY_PHASE_STRIP = NO;
				DEBUG_INFORMATION_FORMAT = dwarf;
				ENABLE_STRICT_OBJC_MSGSEND = YES;
				ENABLE_TESTABILITY = YES;
				GCC_C_LANGUAGE_STANDARD = gnu11;
				GCC_DYNAMIC_NO_PIC = NO;
				GCC_NO_COMMON_BLOCKS = YES;
				GCC_OPTIMIZATION_LEVEL = 0;
				GCC_PREPROCESSOR_DEFINITIONS = (
					"DEBUG=1",
					"$(inherited)",
				);
				GCC_WARN_64_TO_32_BIT_CONVERSION = YES;
				GCC_WARN_ABOUT_RETURN_TYPE = YES_ERROR;
				GCC_WARN_UNDECLARED_SELECTOR = YES;
				GCC_WARN_UNINITIALIZED_AUTOS = YES_AGGRESSIVE;
				GCC_WARN_UNUSED_FUNCTION = YES;
				GCC_WARN_UNUSED_VARIABLE = YES;
				IPHONEOS_DEPLOYMENT_TARGET = 11.2;
				MTL_ENABLE_DEBUG_INFO = YES;
				ONLY_ACTIVE_ARCH = YES;
				SDKROOT = iphoneos;
				SWIFT_ACTIVE_COMPILATION_CONDITIONS = DEBUG;
				SWIFT_OPTIMIZATION_LEVEL = "-Onone";
			};
			name = Debug;
		};
		2C4D6A8E1FE0DF3D00E32A81 /* Release */ = {
			isa = XCBuildConfiguration;
			buildSettings = {
				ALWAYS_SEARCH_USER_PATHS = NO;
				CLANG_ANALYZER_NONNULL = YES;
				CLANG_ANALYZER_NUMBER_OBJECT_CONVERSION = YES_AGGRESSIVE;
				CLANG_CXX_LANGUAGE_STANDARD = "gnu++14";
				CLANG_CXX_LIBRARY = "libc++";
				CLANG_ENABLE_MODULES = YES;
				CLANG_ENABLE_OBJC_ARC = YES;
				CLANG_WARN_BLOCK_CAPTURE_AUTORELEASING = YES;
				CLANG_WARN_BOOL_CONVERSION = YES;
				CLANG_WARN_COMMA = YES;
				CLANG_WARN_CONSTANT_CONVERSION = YES;
				CLANG_WARN_DIRECT_OBJC_ISA_USAGE = YES_ERROR;
				CLANG_WARN_DOCUMENTATION_COMMENTS = YES;
				CLANG_WARN_EMPTY_BODY = YES;
				CLANG_WARN_ENUM_CONVERSION = YES;
				CLANG_WARN_INFINITE_RECURSION = YES;
				CLANG_WARN_INT_CONVERSION = YES;
				CLANG_WARN_NON_LITERAL_NULL_CONVERSION = YES;
				CLANG_WARN_OBJC_LITERAL_CONVERSION = YES;
				CLANG_WARN_OBJC_ROOT_CLASS = YES_ERROR;
				CLANG_WARN_RANGE_LOOP_ANALYSIS = YES;
				CLANG_WARN_STRICT_PROTOTYPES = YES;
				CLANG_WARN_SUSPICIOUS_MOVE = YES;
				CLANG_WARN_UNGUARDED_AVAILABILITY = YES_AGGRESSIVE;
				CLANG_WARN_UNREACHABLE_CODE = YES;
				CLANG_WARN__DUPLICATE_METHOD_MATCH = YES;
				CODE_SIGN_IDENTITY = "iPhone Developer";
				COPY_PHASE_STRIP = NO;
				DEBUG_INFORMATION_FORMAT = "dwarf-with-dsym";
				ENABLE_NS_ASSERTIONS = NO;
				ENABLE_STRICT_OBJC_MSGSEND = YES;
				GCC_C_LANGUAGE_STANDARD = gnu11;
				GCC_NO_COMMON_BLOCKS = YES;
				GCC_WARN_64_TO_32_BIT_CONVERSION = YES;
				GCC_WARN_ABOUT_RETURN_TYPE = YES_ERROR;
				GCC_WARN_UNDECLARED_SELECTOR = YES;
				GCC_WARN_UNINITIALIZED_AUTOS = YES_AGGRESSIVE;
				GCC_WARN_UNUSED_FUNCTION = YES;
				GCC_WARN_UNUSED_VARIABLE = YES;
				IPHONEOS_DEPLOYMENT_TARGET = 11.2;
				MTL_ENABLE_DEBUG_INFO = NO;
				SDKROOT = iphoneos;
				SWIFT_OPTIMIZATION_LEVEL = "-Owholemodule";
				VALIDATE_PRODUCT = YES;
			};
			name = Release;
		};
		2C4D6A901FE0DF3D00E32A81 /* Debug */ = {
			isa = XCBuildConfiguration;
			buildSettings = {
				ASSETCATALOG_COMPILER_APPICON_NAME = AppIcon;
				CODE_SIGN_STYLE = Automatic;
				DEVELOPMENT_TEAM = J53NLM32CH;
				INFOPLIST_FILE = CollectionViewTutorial/Info.plist;
				LD_RUNPATH_SEARCH_PATHS = "$(inherited) @executable_path/Frameworks";
				PRODUCT_BUNDLE_IDENTIFIER = com.panks.CollectionViewTutorial;
				PRODUCT_NAME = "$(TARGET_NAME)";
				SWIFT_VERSION = 4.0;
				TARGETED_DEVICE_FAMILY = "1,2";
			};
			name = Debug;
		};
		2C4D6A911FE0DF3D00E32A81 /* Release */ = {
			isa = XCBuildConfiguration;
			buildSettings = {
				ASSETCATALOG_COMPILER_APPICON_NAME = AppIcon;
				CODE_SIGN_STYLE = Automatic;
				DEVELOPMENT_TEAM = J53NLM32CH;
				INFOPLIST_FILE = CollectionViewTutorial/Info.plist;
				LD_RUNPATH_SEARCH_PATHS = "$(inherited) @executable_path/Frameworks";
				PRODUCT_BUNDLE_IDENTIFIER = com.panks.CollectionViewTutorial;
				PRODUCT_NAME = "$(TARGET_NAME)";
				SWIFT_VERSION = 4.0;
				TARGETED_DEVICE_FAMILY = "1,2";
			};
			name = Release;
		};
		2C4D6A931FE0DF3D00E32A81 /* Debug */ = {
			isa = XCBuildConfiguration;
			buildSettings = {
				ALWAYS_EMBED_SWIFT_STANDARD_LIBRARIES = YES;
				BUNDLE_LOADER = "$(TEST_HOST)";
				CODE_SIGN_STYLE = Automatic;
				DEVELOPMENT_TEAM = J53NLM32CH;
				INFOPLIST_FILE = CollectionViewTutorialTests/Info.plist;
				LD_RUNPATH_SEARCH_PATHS = "$(inherited) @executable_path/Frameworks @loader_path/Frameworks";
				PRODUCT_BUNDLE_IDENTIFIER = com.panks.CollectionViewTutorialTests;
				PRODUCT_NAME = "$(TARGET_NAME)";
				SWIFT_VERSION = 4.0;
				TARGETED_DEVICE_FAMILY = "1,2";
				TEST_HOST = "$(BUILT_PRODUCTS_DIR)/CollectionViewTutorial.app/CollectionViewTutorial";
			};
			name = Debug;
		};
		2C4D6A941FE0DF3D00E32A81 /* Release */ = {
			isa = XCBuildConfiguration;
			buildSettings = {
				ALWAYS_EMBED_SWIFT_STANDARD_LIBRARIES = YES;
				BUNDLE_LOADER = "$(TEST_HOST)";
				CODE_SIGN_STYLE = Automatic;
				DEVELOPMENT_TEAM = J53NLM32CH;
				INFOPLIST_FILE = CollectionViewTutorialTests/Info.plist;
				LD_RUNPATH_SEARCH_PATHS = "$(inherited) @executable_path/Frameworks @loader_path/Frameworks";
				PRODUCT_BUNDLE_IDENTIFIER = com.panks.CollectionViewTutorialTests;
				PRODUCT_NAME = "$(TARGET_NAME)";
				SWIFT_VERSION = 4.0;
				TARGETED_DEVICE_FAMILY = "1,2";
				TEST_HOST = "$(BUILT_PRODUCTS_DIR)/CollectionViewTutorial.app/CollectionViewTutorial";
			};
			name = Release;
		};
		2C4D6A961FE0DF3D00E32A81 /* Debug */ = {
			isa = XCBuildConfiguration;
			buildSettings = {
				ALWAYS_EMBED_SWIFT_STANDARD_LIBRARIES = YES;
				CODE_SIGN_STYLE = Automatic;
				DEVELOPMENT_TEAM = J53NLM32CH;
				INFOPLIST_FILE = CollectionViewTutorialUITests/Info.plist;
				LD_RUNPATH_SEARCH_PATHS = "$(inherited) @executable_path/Frameworks @loader_path/Frameworks";
				PRODUCT_BUNDLE_IDENTIFIER = com.panks.CollectionViewTutorialUITests;
				PRODUCT_NAME = "$(TARGET_NAME)";
				SWIFT_VERSION = 4.0;
				TARGETED_DEVICE_FAMILY = "1,2";
				TEST_TARGET_NAME = CollectionViewTutorial;
			};
			name = Debug;
		};
		2C4D6A971FE0DF3D00E32A81 /* Release */ = {
			isa = XCBuildConfiguration;
			buildSettings = {
				ALWAYS_EMBED_SWIFT_STANDARD_LIBRARIES = YES;
				CODE_SIGN_STYLE = Automatic;
				DEVELOPMENT_TEAM = J53NLM32CH;
				INFOPLIST_FILE = CollectionViewTutorialUITests/Info.plist;
				LD_RUNPATH_SEARCH_PATHS = "$(inherited) @executable_path/Frameworks @loader_path/Frameworks";
				PRODUCT_BUNDLE_IDENTIFIER = com.panks.CollectionViewTutorialUITests;
				PRODUCT_NAME = "$(TARGET_NAME)";
				SWIFT_VERSION = 4.0;
				TARGETED_DEVICE_FAMILY = "1,2";
				TEST_TARGET_NAME = CollectionViewTutorial;
			};
			name = Release;
		};
/* End XCBuildConfiguration section */

/* Begin XCConfigurationList section */
		2C4D6A621FE0DF3D00E32A81 /* Build configuration list for PBXProject "CollectionViewTutorial" */ = {
			isa = XCConfigurationList;
			buildConfigurations = (
				2C4D6A8D1FE0DF3D00E32A81 /* Debug */,
				2C4D6A8E1FE0DF3D00E32A81 /* Release */,
			);
			defaultConfigurationIsVisible = 0;
			defaultConfigurationName = Release;
		};
		2C4D6A8F1FE0DF3D00E32A81 /* Build configuration list for PBXNativeTarget "CollectionViewTutorial" */ = {
			isa = XCConfigurationList;
			buildConfigurations = (
				2C4D6A901FE0DF3D00E32A81 /* Debug */,
				2C4D6A911FE0DF3D00E32A81 /* Release */,
			);
			defaultConfigurationIsVisible = 0;
			defaultConfigurationName = Release;
		};
		2C4D6A921FE0DF3D00E32A81 /* Build configuration list for PBXNativeTarget "CollectionViewTutorialTests" */ = {
			isa = XCConfigurationList;
			buildConfigurations = (
				2C4D6A931FE0DF3D00E32A81 /* Debug */,
				2C4D6A941FE0DF3D00E32A81 /* Release */,
			);
			defaultConfigurationIsVisible = 0;
			defaultConfigurationName = Release;
		};
		2C4D6A951FE0DF3D00E32A81 /* Build configuration list for PBXNativeTarget "CollectionViewTutorialUITests" */ = {
			isa = XCConfigurationList;
			buildConfigurations = (
				2C4D6A961FE0DF3D00E32A81 /* Debug */,
				2C4D6A971FE0DF3D00E32A81 /* Release */,
			);
			defaultConfigurationIsVisible = 0;
			defaultConfigurationName = Release;
		};
/* End XCConfigurationList section */
	};
	rootObject = 2C4D6A5F1FE0DF3D00E32A81 /* Project object */;
}
